
Microsoft Visual Studio Solution File, Format Version 12.00
# Visual Studio Version 16
VisualStudioVersion = 16.0.29613.14
MinimumVisualStudioVersion = 10.0.40219.1
Project("{8BC9CEB8-8B4A-11D0-8D11-00A0C91BC942}") = "NN_GPU", "NN_GPU.vcxproj", "{4ABCA963-CE1E-468D-942D-E8C883705AC5}"
EndProject
Global
	GlobalSection(SolutionConfigurationPlatforms) = preSolution
		Debug|x64 = Debug|x64
		Release|x64 = Release|x64
	EndGlobalSection
	GlobalSection(ProjectConfigurationPlatforms) = postSolution
		{4ABCA963-CE1E-468D-942D-E8C883705AC5}.Debug|x64.ActiveCfg = Debug|x64
		{4ABCA963-CE1E-468D-942D-E8C883705AC5}.Debug|x64.Build.0 = Debug|x64
		{4ABCA963-CE1E-468D-942D-E8C883705AC5}.Release|x64.ActiveCfg = Release|x64
		{4ABCA963-CE1E-468D-942D-E8C883705AC5}.Release|x64.Build.0 = Release|x64
	EndGlobalSection
	GlobalSection(SolutionProperties) = preSolution
		HideSolutionNode = FALSE
	EndGlobalSection
	GlobalSection(ExtensibilityGlobals) = postSolution
		SolutionGuid = {720E24E2-DCB7-4313-8610-AD9477A00D7E}
	EndGlobalSection
EndGlobal
