<?xml version="1.0" encoding="utf-8"?>
<Project ToolsVersion="16.0" xmlns="http://schemas.microsoft.com/developer/msbuild/2003">
  <ItemGroup>
    <CustomBuild Include="D:\Workspace\AMS_I03\2020_2021\TP\TP3\PoissonCuda\deviceQuery\CMakeFiles\d8c32a5dbd8e41573218dd8809808bbb\generate.stamp.rule">
      <Filter>CMake Rules</Filter>
    </CustomBuild>
  </ItemGroup>
  <ItemGroup>
    <Filter Include="CMake Rules">
      <UniqueIdentifier>{98EF747D-03BA-36BD-BCE6-B6A3BE02AA73}</UniqueIdentifier>
    </Filter>
  </ItemGroup>
</Project>
