
Microsoft Visual Studio Solution File, Format Version 12.00
# Visual Studio Version 16
VisualStudioVersion = 16.0.29709.97
MinimumVisualStudioVersion = 10.0.40219.1
Project("{8BC9CEB8-8B4A-11D0-8D11-00A0C91BC942}") = "Images", "Images.vcxproj", "{683B751B-27B6-471B-9493-F17994BB9719}"
EndProject
Project("{2150E333-8FDC-42A3-9474-1A3956D46DE8}") = "Solution Items", "Solution Items", "{EC880318-C43C-411B-8952-8E8E5488DA65}"
	ProjectSection(SolutionItems) = preProject
		main.cxx = main.cxx
	EndProjectSection
EndProject
Global
	GlobalSection(SolutionConfigurationPlatforms) = preSolution
		Debug|x64 = Debug|x64
		Release|x64 = Release|x64
	EndGlobalSection
	GlobalSection(ProjectConfigurationPlatforms) = postSolution
		{683B751B-27B6-471B-9493-F17994BB9719}.Debug|x64.ActiveCfg = Debug|x64
		{683B751B-27B6-471B-9493-F17994BB9719}.Debug|x64.Build.0 = Debug|x64
		{683B751B-27B6-471B-9493-F17994BB9719}.Release|x64.ActiveCfg = Release|x64
		{683B751B-27B6-471B-9493-F17994BB9719}.Release|x64.Build.0 = Release|x64
	EndGlobalSection
	GlobalSection(SolutionProperties) = preSolution
		HideSolutionNode = FALSE
	EndGlobalSection
	GlobalSection(ExtensibilityGlobals) = postSolution
		SolutionGuid = {9B2B348A-51EE-49BD-B567-647441B4801B}
	EndGlobalSection
EndGlobal
